
Microsoft Visual Studio Solution File, Format Version 12.00
# Visual Studio 15
VisualStudioVersion = 15.0.28010.2036
MinimumVisualStudioVersion = 10.0.40219.1
Project("{FAE04EC0-301F-11D3-BF4B-00C04F79EFBC}") = "BoilerPlate", "BoilerPlate\BoilerPlate.csproj", "{DD120D0F-36D8-4786-81FF-BF785BB21A7A}"
EndProject
Project("{FAE04EC0-301F-11D3-BF4B-00C04F79EFBC}") = "BoilerPlate.Tests", "BoilerPlate.Tests\BoilerPlate.Tests.csproj", "{719A6D6E-444B-437B-802F-9AE397D32854}"
EndProject
Global
	GlobalSection(SolutionConfigurationPlatforms) = preSolution
		Debug|Any CPU = Debug|Any CPU
		Release|Any CPU = Release|Any CPU
	EndGlobalSection
	GlobalSection(ProjectConfigurationPlatforms) = postSolution
		{DD120D0F-36D8-4786-81FF-BF785BB21A7A}.Debug|Any CPU.ActiveCfg = Debug|Any CPU
		{DD120D0F-36D8-4786-81FF-BF785BB21A7A}.Debug|Any CPU.Build.0 = Debug|Any CPU
		{DD120D0F-36D8-4786-81FF-BF785BB21A7A}.Release|Any CPU.ActiveCfg = Release|Any CPU
		{DD120D0F-36D8-4786-81FF-BF785BB21A7A}.Release|Any CPU.Build.0 = Release|Any CPU
		{719A6D6E-444B-437B-802F-9AE397D32854}.Debug|Any CPU.ActiveCfg = Debug|Any CPU
		{719A6D6E-444B-437B-802F-9AE397D32854}.Debug|Any CPU.Build.0 = Debug|Any CPU
		{719A6D6E-444B-437B-802F-9AE397D32854}.Release|Any CPU.ActiveCfg = Release|Any CPU
		{719A6D6E-444B-437B-802F-9AE397D32854}.Release|Any CPU.Build.0 = Release|Any CPU
	EndGlobalSection
	GlobalSection(SolutionProperties) = preSolution
		HideSolutionNode = FALSE
	EndGlobalSection
	GlobalSection(ExtensibilityGlobals) = postSolution
		SolutionGuid = {B4838D48-3ACC-4CF6-AB01-4CCC4C11BA52}
	EndGlobalSection
EndGlobal
